// !$*UTF8*$!
{
	archiveVersion = 1;
	classes = {
	};
	objectVersion = 46;
	objects = {

/* Begin PBXBuildFile section */
		304CED2D8FDC61FD800EDDCB /* Pods_ios_swinject_storyboard_demo.framework in Frameworks */ = {isa = PBXBuildFile; fileRef = 29FAED69299EFFECE62C7280 /* Pods_ios_swinject_storyboard_demo.framework */; };
		BC81BC2C1E7064DF0037F965 /* AppDelegate.swift in Sources */ = {isa = PBXBuildFile; fileRef = BC81BC2B1E7064DF0037F965 /* AppDelegate.swift */; };
		BC81BC2E1E7064DF0037F965 /* ViewController.swift in Sources */ = {isa = PBXBuildFile; fileRef = BC81BC2D1E7064DF0037F965 /* ViewController.swift */; };
		BC81BC311E7064DF0037F965 /* Main.storyboard in Resources */ = {isa = PBXBuildFile; fileRef = BC81BC2F1E7064DF0037F965 /* Main.storyboard */; };
		BC81BC331E7064DF0037F965 /* Assets.xcassets in Resources */ = {isa = PBXBuildFile; fileRef = BC81BC321E7064DF0037F965 /* Assets.xcassets */; };
		BC81BC361E7064DF0037F965 /* LaunchScreen.storyboard in Resources */ = {isa = PBXBuildFile; fileRef = BC81BC341E7064DF0037F965 /* LaunchScreen.storyboard */; };
		BC81BC411E7064DF0037F965 /* ios_swinject_storyboard_demoTests.swift in Sources */ = {isa = PBXBuildFile; fileRef = BC81BC401E7064DF0037F965 /* ios_swinject_storyboard_demoTests.swift */; };
		BC81BC4C1E70667D0037F965 /* AnimalViewController.swift in Sources */ = {isa = PBXBuildFile; fileRef = BC81BC4B1E70667D0037F965 /* AnimalViewController.swift */; };
		BC81BC4F1E7068500037F965 /* Cat.swift in Sources */ = {isa = PBXBuildFile; fileRef = BC81BC4E1E7068500037F965 /* Cat.swift */; };
		DF37BA6CCB14D86D87198F53 /* Pods_ios_swinject_storyboard_demoTests.framework in Frameworks */ = {isa = PBXBuildFile; fileRef = AAFC96CA1F91B5F41F703990 /* Pods_ios_swinject_storyboard_demoTests.framework */; };
/* End PBXBuildFile section */

/* Begin PBXContainerItemProxy section */
		BC81BC3D1E7064DF0037F965 /* PBXContainerItemProxy */ = {
			isa = PBXContainerItemProxy;
			containerPortal = BC81BC201E7064DF0037F965 /* Project object */;
			proxyType = 1;
			remoteGlobalIDString = BC81BC271E7064DF0037F965;
			remoteInfo = "ios-swinject-storyboard-demo";
		};
/* End PBXContainerItemProxy section */

/* Begin PBXFileReference section */
		29FAED69299EFFECE62C7280 /* Pods_ios_swinject_storyboard_demo.framework */ = {isa = PBXFileReference; explicitFileType = wrapper.framework; includeInIndex = 0; path = Pods_ios_swinject_storyboard_demo.framework; sourceTree = BUILT_PRODUCTS_DIR; };
		49D55A9BDD92947CA6D5A7A9 /* Pods-ios-swinject-storyboard-demo.debug.xcconfig */ = {isa = PBXFileReference; includeInIndex = 1; lastKnownFileType = text.xcconfig; name = "Pods-ios-swinject-storyboard-demo.debug.xcconfig"; path = "Pods/Target Support Files/Pods-ios-swinject-storyboard-demo/Pods-ios-swinject-storyboard-demo.debug.xcconfig"; sourceTree = "<group>"; };
		AAFC96CA1F91B5F41F703990 /* Pods_ios_swinject_storyboard_demoTests.framework */ = {isa = PBXFileReference; explicitFileType = wrapper.framework; includeInIndex = 0; path = Pods_ios_swinject_storyboard_demoTests.framework; sourceTree = BUILT_PRODUCTS_DIR; };
		B89ADC8E59EB833288B8407E /* Pods-ios-swinject-storyboard-demoTests.release.xcconfig */ = {isa = PBXFileReference; includeInIndex = 1; lastKnownFileType = text.xcconfig; name = "Pods-ios-swinject-storyboard-demoTests.release.xcconfig"; path = "Pods/Target Support Files/Pods-ios-swinject-storyboard-demoTests/Pods-ios-swinject-storyboard-demoTests.release.xcconfig"; sourceTree = "<group>"; };
		BC81BC281E7064DF0037F965 /* ios-swinject-storyboard-demo.app */ = {isa = PBXFileReference; explicitFileType = wrapper.application; includeInIndex = 0; path = "ios-swinject-storyboard-demo.app"; sourceTree = BUILT_PRODUCTS_DIR; };
		BC81BC2B1E7064DF0037F965 /* AppDelegate.swift */ = {isa = PBXFileReference; lastKnownFileType = sourcecode.swift; path = AppDelegate.swift; sourceTree = "<group>"; };
		BC81BC2D1E7064DF0037F965 /* ViewController.swift */ = {isa = PBXFileReference; lastKnownFileType = sourcecode.swift; path = ViewController.swift; sourceTree = "<group>"; };
		BC81BC301E7064DF0037F965 /* Base */ = {isa = PBXFileReference; lastKnownFileType = file.storyboard; name = Base; path = Base.lproj/Main.storyboard; sourceTree = "<group>"; };
		BC81BC321E7064DF0037F965 /* Assets.xcassets */ = {isa = PBXFileReference; lastKnownFileType = folder.assetcatalog; path = Assets.xcassets; sourceTree = "<group>"; };
		BC81BC351E7064DF0037F965 /* Base */ = {isa = PBXFileReference; lastKnownFileType = file.storyboard; name = Base; path = Base.lproj/LaunchScreen.storyboard; sourceTree = "<group>"; };
		BC81BC371E7064DF0037F965 /* Info.plist */ = {isa = PBXFileReference; lastKnownFileType = text.plist.xml; path = Info.plist; sourceTree = "<group>"; };
		BC81BC3C1E7064DF0037F965 /* ios-swinject-storyboard-demoTests.xctest */ = {isa = PBXFileReference; explicitFileType = wrapper.cfbundle; includeInIndex = 0; path = "ios-swinject-storyboard-demoTests.xctest"; sourceTree = BUILT_PRODUCTS_DIR; };
		BC81BC401E7064DF0037F965 /* ios_swinject_storyboard_demoTests.swift */ = {isa = PBXFileReference; lastKnownFileType = sourcecode.swift; path = ios_swinject_storyboard_demoTests.swift; sourceTree = "<group>"; };
		BC81BC421E7064DF0037F965 /* Info.plist */ = {isa = PBXFileReference; lastKnownFileType = text.plist.xml; path = Info.plist; sourceTree = "<group>"; };
		BC81BC4B1E70667D0037F965 /* AnimalViewController.swift */ = {isa = PBXFileReference; fileEncoding = 4; lastKnownFileType = sourcecode.swift; path = AnimalViewController.swift; sourceTree = "<group>"; };
		BC81BC4E1E7068500037F965 /* Cat.swift */ = {isa = PBXFileReference; fileEncoding = 4; lastKnownFileType = sourcecode.swift; path = Cat.swift; sourceTree = "<group>"; };
		C09E652A752A723D1DB77FD2 /* Pods-ios-swinject-storyboard-demoTests.debug.xcconfig */ = {isa = PBXFileReference; includeInIndex = 1; lastKnownFileType = text.xcconfig; name = "Pods-ios-swinject-storyboard-demoTests.debug.xcconfig"; path = "Pods/Target Support Files/Pods-ios-swinject-storyboard-demoTests/Pods-ios-swinject-storyboard-demoTests.debug.xcconfig"; sourceTree = "<group>"; };
		E3F8EE1914BC9180FAB76A5C /* Pods-ios-swinject-storyboard-demo.release.xcconfig */ = {isa = PBXFileReference; includeInIndex = 1; lastKnownFileType = text.xcconfig; name = "Pods-ios-swinject-storyboard-demo.release.xcconfig"; path = "Pods/Target Support Files/Pods-ios-swinject-storyboard-demo/Pods-ios-swinject-storyboard-demo.release.xcconfig"; sourceTree = "<group>"; };
/* End PBXFileReference section */

/* Begin PBXFrameworksBuildPhase section */
		BC81BC251E7064DF0037F965 /* Frameworks */ = {
			isa = PBXFrameworksBuildPhase;
			buildActionMask = 2147483647;
			files = (
				304CED2D8FDC61FD800EDDCB /* Pods_ios_swinject_storyboard_demo.framework in Frameworks */,
			);
			runOnlyForDeploymentPostprocessing = 0;
		};
		BC81BC391E7064DF0037F965 /* Frameworks */ = {
			isa = PBXFrameworksBuildPhase;
			buildActionMask = 2147483647;
			files = (
				DF37BA6CCB14D86D87198F53 /* Pods_ios_swinject_storyboard_demoTests.framework in Frameworks */,
			);
			runOnlyForDeploymentPostprocessing = 0;
		};
/* End PBXFrameworksBuildPhase section */

/* Begin PBXGroup section */
		165B7387FAB5446F1D7A1CC1 /* Pods */ = {
			isa = PBXGroup;
			children = (
				49D55A9BDD92947CA6D5A7A9 /* Pods-ios-swinject-storyboard-demo.debug.xcconfig */,
				E3F8EE1914BC9180FAB76A5C /* Pods-ios-swinject-storyboard-demo.release.xcconfig */,
				C09E652A752A723D1DB77FD2 /* Pods-ios-swinject-storyboard-demoTests.debug.xcconfig */,
				B89ADC8E59EB833288B8407E /* Pods-ios-swinject-storyboard-demoTests.release.xcconfig */,
			);
			name = Pods;
			sourceTree = "<group>";
		};
		A8C4DCD3944079FAC250C186 /* Frameworks */ = {
			isa = PBXGroup;
			children = (
				29FAED69299EFFECE62C7280 /* Pods_ios_swinject_storyboard_demo.framework */,
				AAFC96CA1F91B5F41F703990 /* Pods_ios_swinject_storyboard_demoTests.framework */,
			);
			name = Frameworks;
			sourceTree = "<group>";
		};
		BC81BC1F1E7064DE0037F965 = {
			isa = PBXGroup;
			children = (
				BC81BC2A1E7064DF0037F965 /* ios-swinject-storyboard-demo */,
				BC81BC3F1E7064DF0037F965 /* ios-swinject-storyboard-demoTests */,
				BC81BC291E7064DF0037F965 /* Products */,
				165B7387FAB5446F1D7A1CC1 /* Pods */,
				A8C4DCD3944079FAC250C186 /* Frameworks */,
			);
			sourceTree = "<group>";
		};
		BC81BC291E7064DF0037F965 /* Products */ = {
			isa = PBXGroup;
			children = (
				BC81BC281E7064DF0037F965 /* ios-swinject-storyboard-demo.app */,
				BC81BC3C1E7064DF0037F965 /* ios-swinject-storyboard-demoTests.xctest */,
			);
			name = Products;
			sourceTree = "<group>";
		};
		BC81BC2A1E7064DF0037F965 /* ios-swinject-storyboard-demo */ = {
			isa = PBXGroup;
			children = (
				BC81BC501E70686C0037F965 /* Controllers */,
				BC81BC371E7064DF0037F965 /* Info.plist */,
				BC81BC4D1E7068430037F965 /* Models */,
				BC81BC511E7068860037F965 /* Others */,
			);
			path = "ios-swinject-storyboard-demo";
			sourceTree = "<group>";
		};
		BC81BC3F1E7064DF0037F965 /* ios-swinject-storyboard-demoTests */ = {
			isa = PBXGroup;
			children = (
				BC81BC401E7064DF0037F965 /* ios_swinject_storyboard_demoTests.swift */,
				BC81BC421E7064DF0037F965 /* Info.plist */,
			);
			path = "ios-swinject-storyboard-demoTests";
			sourceTree = "<group>";
		};
		BC81BC4D1E7068430037F965 /* Models */ = {
			isa = PBXGroup;
			children = (
				BC81BC4E1E7068500037F965 /* Cat.swift */,
			);
			name = Models;
			sourceTree = "<group>";
		};
		BC81BC501E70686C0037F965 /* Controllers */ = {
			isa = PBXGroup;
			children = (
				BC81BC4B1E70667D0037F965 /* AnimalViewController.swift */,
				BC81BC2F1E7064DF0037F965 /* Main.storyboard */,
				BC81BC2D1E7064DF0037F965 /* ViewController.swift */,
			);
			name = Controllers;
			sourceTree = "<group>";
		};
		BC81BC511E7068860037F965 /* Others */ = {
			isa = PBXGroup;
			children = (
				BC81BC2B1E7064DF0037F965 /* AppDelegate.swift */,
				BC81BC321E7064DF0037F965 /* Assets.xcassets */,
				BC81BC341E7064DF0037F965 /* LaunchScreen.storyboard */,
			);
			name = Others;
			sourceTree = "<group>";
		};
/* End PBXGroup section */

/* Begin PBXNativeTarget section */
		BC81BC271E7064DF0037F965 /* ios-swinject-storyboard-demo */ = {
			isa = PBXNativeTarget;
			buildConfigurationList = BC81BC451E7064DF0037F965 /* Build configuration list for PBXNativeTarget "ios-swinject-storyboard-demo" */;
			buildPhases = (
				F9A723642A8595563FE82BBD /* [CP] Check Pods Manifest.lock */,
				BC81BC241E7064DF0037F965 /* Sources */,
				BC81BC251E7064DF0037F965 /* Frameworks */,
				BC81BC261E7064DF0037F965 /* Resources */,
				41A797EB607869ED4E2074AC /* [CP] Embed Pods Frameworks */,
				01960F84D580324B81D386F2 /* [CP] Copy Pods Resources */,
			);
			buildRules = (
			);
			dependencies = (
			);
			name = "ios-swinject-storyboard-demo";
			productName = "ios-swinject-storyboard-demo";
			productReference = BC81BC281E7064DF0037F965 /* ios-swinject-storyboard-demo.app */;
			productType = "com.apple.product-type.application";
		};
		BC81BC3B1E7064DF0037F965 /* ios-swinject-storyboard-demoTests */ = {
			isa = PBXNativeTarget;
			buildConfigurationList = BC81BC481E7064DF0037F965 /* Build configuration list for PBXNativeTarget "ios-swinject-storyboard-demoTests" */;
			buildPhases = (
				5BD848097FB66DA77405CEDE /* [CP] Check Pods Manifest.lock */,
				BC81BC381E7064DF0037F965 /* Sources */,
				BC81BC391E7064DF0037F965 /* Frameworks */,
				BC81BC3A1E7064DF0037F965 /* Resources */,
				C8AAF1913AA623914E7DD93D /* [CP] Embed Pods Frameworks */,
				6D80C374ADB99CF25C832CDF /* [CP] Copy Pods Resources */,
			);
			buildRules = (
			);
			dependencies = (
				BC81BC3E1E7064DF0037F965 /* PBXTargetDependency */,
			);
			name = "ios-swinject-storyboard-demoTests";
			productName = "ios-swinject-storyboard-demoTests";
			productReference = BC81BC3C1E7064DF0037F965 /* ios-swinject-storyboard-demoTests.xctest */;
			productType = "com.apple.product-type.bundle.unit-test";
		};
/* End PBXNativeTarget section */

/* Begin PBXProject section */
		BC81BC201E7064DF0037F965 /* Project object */ = {
			isa = PBXProject;
			attributes = {
				LastSwiftUpdateCheck = 0820;
				LastUpgradeCheck = 0820;
				ORGANIZATIONNAME = "Kushida　Eiji";
				TargetAttributes = {
					BC81BC271E7064DF0037F965 = {
						CreatedOnToolsVersion = 8.2.1;
						DevelopmentTeam = UE5DCQPTRB;
						ProvisioningStyle = Automatic;
					};
					BC81BC3B1E7064DF0037F965 = {
						CreatedOnToolsVersion = 8.2.1;
						DevelopmentTeam = UE5DCQPTRB;
						ProvisioningStyle = Automatic;
						TestTargetID = BC81BC271E7064DF0037F965;
					};
				};
			};
			buildConfigurationList = BC81BC231E7064DF0037F965 /* Build configuration list for PBXProject "ios-swinject-storyboard-demo" */;
			compatibilityVersion = "Xcode 3.2";
			developmentRegion = English;
			hasScannedForEncodings = 0;
			knownRegions = (
				en,
				Base,
			);
			mainGroup = BC81BC1F1E7064DE0037F965;
			productRefGroup = BC81BC291E7064DF0037F965 /* Products */;
			projectDirPath = "";
			projectRoot = "";
			targets = (
				BC81BC271E7064DF0037F965 /* ios-swinject-storyboard-demo */,
				BC81BC3B1E7064DF0037F965 /* ios-swinject-storyboard-demoTests */,
			);
		};
/* End PBXProject section */

/* Begin PBXResourcesBuildPhase section */
		BC81BC261E7064DF0037F965 /* Resources */ = {
			isa = PBXResourcesBuildPhase;
			buildActionMask = 2147483647;
			files = (
				BC81BC361E7064DF0037F965 /* LaunchScreen.storyboard in Resources */,
				BC81BC331E7064DF0037F965 /* Assets.xcassets in Resources */,
				BC81BC311E7064DF0037F965 /* Main.storyboard in Resources */,
			);
			runOnlyForDeploymentPostprocessing = 0;
		};
		BC81BC3A1E7064DF0037F965 /* Resources */ = {
			isa = PBXResourcesBuildPhase;
			buildActionMask = 2147483647;
			files = (
			);
			runOnlyForDeploymentPostprocessing = 0;
		};
/* End PBXResourcesBuildPhase section */

/* Begin PBXShellScriptBuildPhase section */
		01960F84D580324B81D386F2 /* [CP] Copy Pods Resources */ = {
			isa = PBXShellScriptBuildPhase;
			buildActionMask = 2147483647;
			files = (
			);
			inputPaths = (
			);
			name = "[CP] Copy Pods Resources";
			outputPaths = (
			);
			runOnlyForDeploymentPostprocessing = 0;
			shellPath = /bin/sh;
			shellScript = "\"${SRCROOT}/Pods/Target Support Files/Pods-ios-swinject-storyboard-demo/Pods-ios-swinject-storyboard-demo-resources.sh\"\n";
			showEnvVarsInLog = 0;
		};
		41A797EB607869ED4E2074AC /* [CP] Embed Pods Frameworks */ = {
			isa = PBXShellScriptBuildPhase;
			buildActionMask = 2147483647;
			files = (
			);
			inputPaths = (
			);
			name = "[CP] Embed Pods Frameworks";
			outputPaths = (
			);
			runOnlyForDeploymentPostprocessing = 0;
			shellPath = /bin/sh;
			shellScript = "\"${SRCROOT}/Pods/Target Support Files/Pods-ios-swinject-storyboard-demo/Pods-ios-swinject-storyboard-demo-frameworks.sh\"\n";
			showEnvVarsInLog = 0;
		};
		5BD848097FB66DA77405CEDE /* [CP] Check Pods Manifest.lock */ = {
			isa = PBXShellScriptBuildPhase;
			buildActionMask = 2147483647;
			files = (
			);
			inputPaths = (
			);
			name = "[CP] Check Pods Manifest.lock";
			outputPaths = (
			);
			runOnlyForDeploymentPostprocessing = 0;
			shellPath = /bin/sh;
			shellScript = "diff \"${PODS_ROOT}/../Podfile.lock\" \"${PODS_ROOT}/Manifest.lock\" > /dev/null\nif [ $? != 0 ] ; then\n    # print error to STDERR\n    echo \"error: The sandbox is not in sync with the Podfile.lock. Run 'pod install' or update your CocoaPods installation.\" >&2\n    exit 1\nfi\n";
			showEnvVarsInLog = 0;
		};
		6D80C374ADB99CF25C832CDF /* [CP] Copy Pods Resources */ = {
			isa = PBXShellScriptBuildPhase;
			buildActionMask = 2147483647;
			files = (
			);
			inputPaths = (
			);
			name = "[CP] Copy Pods Resources";
			outputPaths = (
			);
			runOnlyForDeploymentPostprocessing = 0;
			shellPath = /bin/sh;
			shellScript = "\"${SRCROOT}/Pods/Target Support Files/Pods-ios-swinject-storyboard-demoTests/Pods-ios-swinject-storyboard-demoTests-resources.sh\"\n";
			showEnvVarsInLog = 0;
		};
		C8AAF1913AA623914E7DD93D /* [CP] Embed Pods Frameworks */ = {
			isa = PBXShellScriptBuildPhase;
			buildActionMask = 2147483647;
			files = (
			);
			inputPaths = (
			);
			name = "[CP] Embed Pods Frameworks";
			outputPaths = (
			);
			runOnlyForDeploymentPostprocessing = 0;
			shellPath = /bin/sh;
			shellScript = "\"${SRCROOT}/Pods/Target Support Files/Pods-ios-swinject-storyboard-demoTests/Pods-ios-swinject-storyboard-demoTests-frameworks.sh\"\n";
			showEnvVarsInLog = 0;
		};
		F9A723642A8595563FE82BBD /* [CP] Check Pods Manifest.lock */ = {
			isa = PBXShellScriptBuildPhase;
			buildActionMask = 2147483647;
			files = (
			);
			inputPaths = (
			);
			name = "[CP] Check Pods Manifest.lock";
			outputPaths = (
			);
			runOnlyForDeploymentPostprocessing = 0;
			shellPath = /bin/sh;
			shellScript = "diff \"${PODS_ROOT}/../Podfile.lock\" \"${PODS_ROOT}/Manifest.lock\" > /dev/null\nif [ $? != 0 ] ; then\n    # print error to STDERR\n    echo \"error: The sandbox is not in sync with the Podfile.lock. Run 'pod install' or update your CocoaPods installation.\" >&2\n    exit 1\nfi\n";
			showEnvVarsInLog = 0;
		};
/* End PBXShellScriptBuildPhase section */

/* Begin PBXSourcesBuildPhase section */
		BC81BC241E7064DF0037F965 /* Sources */ = {
			isa = PBXSourcesBuildPhase;
			buildActionMask = 2147483647;
			files = (
				BC81BC4F1E7068500037F965 /* Cat.swift in Sources */,
				BC81BC2E1E7064DF0037F965 /* ViewController.swift in Sources */,
				BC81BC4C1E70667D0037F965 /* AnimalViewController.swift in Sources */,
				BC81BC2C1E7064DF0037F965 /* AppDelegate.swift in Sources */,
			);
			runOnlyForDeploymentPostprocessing = 0;
		};
		BC81BC381E7064DF0037F965 /* Sources */ = {
			isa = PBXSourcesBuildPhase;
			buildActionMask = 2147483647;
			files = (
				BC81BC411E7064DF0037F965 /* ios_swinject_storyboard_demoTests.swift in Sources */,
			);
			runOnlyForDeploymentPostprocessing = 0;
		};
/* End PBXSourcesBuildPhase section */

/* Begin PBXTargetDependency section */
		BC81BC3E1E7064DF0037F965 /* PBXTargetDependency */ = {
			isa = PBXTargetDependency;
			target = BC81BC271E7064DF0037F965 /* ios-swinject-storyboard-demo */;
			targetProxy = BC81BC3D1E7064DF0037F965 /* PBXContainerItemProxy */;
		};
/* End PBXTargetDependency section */

/* Begin PBXVariantGroup section */
		BC81BC2F1E7064DF0037F965 /* Main.storyboard */ = {
			isa = PBXVariantGroup;
			children = (
				BC81BC301E7064DF0037F965 /* Base */,
			);
			name = Main.storyboard;
			sourceTree = "<group>";
		};
		BC81BC341E7064DF0037F965 /* LaunchScreen.storyboard */ = {
			isa = PBXVariantGroup;
			children = (
				BC81BC351E7064DF0037F965 /* Base */,
			);
			name = LaunchScreen.storyboard;
			sourceTree = "<group>";
		};
/* End PBXVariantGroup section */

/* Begin XCBuildConfiguration section */
		BC81BC431E7064DF0037F965 /* Debug */ = {
			isa = XCBuildConfiguration;
			buildSettings = {
				ALWAYS_SEARCH_USER_PATHS = NO;
				CLANG_ANALYZER_NONNULL = YES;
				CLANG_CXX_LANGUAGE_STANDARD = "gnu++0x";
				CLANG_CXX_LIBRARY = "libc++";
				CLANG_ENABLE_MODULES = YES;
				CLANG_ENABLE_OBJC_ARC = YES;
				CLANG_WARN_BOOL_CONVERSION = YES;
				CLANG_WARN_CONSTANT_CONVERSION = YES;
				CLANG_WARN_DIRECT_OBJC_ISA_USAGE = YES_ERROR;
				CLANG_WARN_DOCUMENTATION_COMMENTS = YES;
				CLANG_WARN_EMPTY_BODY = YES;
				CLANG_WARN_ENUM_CONVERSION = YES;
				CLANG_WARN_INFINITE_RECURSION = YES;
				CLANG_WARN_INT_CONVERSION = YES;
				CLANG_WARN_OBJC_ROOT_CLASS = YES_ERROR;
				CLANG_WARN_SUSPICIOUS_MOVE = YES;
				CLANG_WARN_UNREACHABLE_CODE = YES;
				CLANG_WARN__DUPLICATE_METHOD_MATCH = YES;
				"CODE_SIGN_IDENTITY[sdk=iphoneos*]" = "iPhone Developer";
				COPY_PHASE_STRIP = NO;
				DEBUG_INFORMATION_FORMAT = dwarf;
				ENABLE_STRICT_OBJC_MSGSEND = YES;
				ENABLE_TESTABILITY = YES;
				GCC_C_LANGUAGE_STANDARD = gnu99;
				GCC_DYNAMIC_NO_PIC = NO;
				GCC_NO_COMMON_BLOCKS = YES;
				GCC_OPTIMIZATION_LEVEL = 0;
				GCC_PREPROCESSOR_DEFINITIONS = (
					"DEBUG=1",
					"$(inherited)",
				);
				GCC_WARN_64_TO_32_BIT_CONVERSION = YES;
				GCC_WARN_ABOUT_RETURN_TYPE = YES_ERROR;
				GCC_WARN_UNDECLARED_SELECTOR = YES;
				GCC_WARN_UNINITIALIZED_AUTOS = YES_AGGRESSIVE;
				GCC_WARN_UNUSED_FUNCTION = YES;
				GCC_WARN_UNUSED_VARIABLE = YES;
				IPHONEOS_DEPLOYMENT_TARGET = 10.2;
				MTL_ENABLE_DEBUG_INFO = YES;
				ONLY_ACTIVE_ARCH = YES;
				SDKROOT = iphoneos;
				SWIFT_ACTIVE_COMPILATION_CONDITIONS = DEBUG;
				SWIFT_OPTIMIZATION_LEVEL = "-Onone";
			};
			name = Debug;
		};
		BC81BC441E7064DF0037F965 /* Release */ = {
			isa = XCBuildConfiguration;
			buildSettings = {
				ALWAYS_SEARCH_USER_PATHS = NO;
				CLANG_ANALYZER_NONNULL = YES;
				CLANG_CXX_LANGUAGE_STANDARD = "gnu++0x";
				CLANG_CXX_LIBRARY = "libc++";
				CLANG_ENABLE_MODULES = YES;
				CLANG_ENABLE_OBJC_ARC = YES;
				CLANG_WARN_BOOL_CONVERSION = YES;
				CLANG_WARN_CONSTANT_CONVERSION = YES;
				CLANG_WARN_DIRECT_OBJC_ISA_USAGE = YES_ERROR;
				CLANG_WARN_DOCUMENTATION_COMMENTS = YES;
				CLANG_WARN_EMPTY_BODY = YES;
				CLANG_WARN_ENUM_CONVERSION = YES;
				CLANG_WARN_INFINITE_RECURSION = YES;
				CLANG_WARN_INT_CONVERSION = YES;
				CLANG_WARN_OBJC_ROOT_CLASS = YES_ERROR;
				CLANG_WARN_SUSPICIOUS_MOVE = YES;
				CLANG_WARN_UNREACHABLE_CODE = YES;
				CLANG_WARN__DUPLICATE_METHOD_MATCH = YES;
				"CODE_SIGN_IDENTITY[sdk=iphoneos*]" = "iPhone Developer";
				COPY_PHASE_STRIP = NO;
				DEBUG_INFORMATION_FORMAT = "dwarf-with-dsym";
				ENABLE_NS_ASSERTIONS = NO;
				ENABLE_STRICT_OBJC_MSGSEND = YES;
				GCC_C_LANGUAGE_STANDARD = gnu99;
				GCC_NO_COMMON_BLOCKS = YES;
				GCC_WARN_64_TO_32_BIT_CONVERSION = YES;
				GCC_WARN_ABOUT_RETURN_TYPE = YES_ERROR;
				GCC_WARN_UNDECLARED_SELECTOR = YES;
				GCC_WARN_UNINITIALIZED_AUTOS = YES_AGGRESSIVE;
				GCC_WARN_UNUSED_FUNCTION = YES;
				GCC_WARN_UNUSED_VARIABLE = YES;
				IPHONEOS_DEPLOYMENT_TARGET = 10.2;
				MTL_ENABLE_DEBUG_INFO = NO;
				SDKROOT = iphoneos;
				SWIFT_OPTIMIZATION_LEVEL = "-Owholemodule";
				VALIDATE_PRODUCT = YES;
			};
			name = Release;
		};
		BC81BC461E7064DF0037F965 /* Debug */ = {
			isa = XCBuildConfiguration;
			baseConfigurationReference = 49D55A9BDD92947CA6D5A7A9 /* Pods-ios-swinject-storyboard-demo.debug.xcconfig */;
			buildSettings = {
				ALWAYS_EMBED_SWIFT_STANDARD_LIBRARIES = YES;
				ASSETCATALOG_COMPILER_APPICON_NAME = AppIcon;
				DEVELOPMENT_TEAM = UE5DCQPTRB;
				INFOPLIST_FILE = "ios-swinject-storyboard-demo/Info.plist";
				LD_RUNPATH_SEARCH_PATHS = "$(inherited) @executable_path/Frameworks";
				PRODUCT_BUNDLE_IDENTIFIER = "jp.st-ventures.ios-swinject-storyboard-demo";
				PRODUCT_NAME = "$(TARGET_NAME)";
				SWIFT_VERSION = 3.0;
			};
			name = Debug;
		};
		BC81BC471E7064DF0037F965 /* Release */ = {
			isa = XCBuildConfiguration;
			baseConfigurationReference = E3F8EE1914BC9180FAB76A5C /* Pods-ios-swinject-storyboard-demo.release.xcconfig */;
			buildSettings = {
				ALWAYS_EMBED_SWIFT_STANDARD_LIBRARIES = YES;
				ASSETCATALOG_COMPILER_APPICON_NAME = AppIcon;
				DEVELOPMENT_TEAM = UE5DCQPTRB;
				INFOPLIST_FILE = "ios-swinject-storyboard-demo/Info.plist";
				LD_RUNPATH_SEARCH_PATHS = "$(inherited) @executable_path/Frameworks";
				PRODUCT_BUNDLE_IDENTIFIER = "jp.st-ventures.ios-swinject-storyboard-demo";
				PRODUCT_NAME = "$(TARGET_NAME)";
				SWIFT_VERSION = 3.0;
			};
			name = Release;
		};
		BC81BC491E7064DF0037F965 /* Debug */ = {
			isa = XCBuildConfiguration;
			baseConfigurationReference = C09E652A752A723D1DB77FD2 /* Pods-ios-swinject-storyboard-demoTests.debug.xcconfig */;
			buildSettings = {
				ALWAYS_EMBED_SWIFT_STANDARD_LIBRARIES = YES;
				BUNDLE_LOADER = "$(TEST_HOST)";
				DEVELOPMENT_TEAM = UE5DCQPTRB;
				INFOPLIST_FILE = "ios-swinject-storyboard-demoTests/Info.plist";
				LD_RUNPATH_SEARCH_PATHS = "$(inherited) @executable_path/Frameworks @loader_path/Frameworks";
				PRODUCT_BUNDLE_IDENTIFIER = "jp.st-ventures.ios-swinject-storyboard-demoTests";
				PRODUCT_NAME = "$(TARGET_NAME)";
				SWIFT_VERSION = 3.0;
				TEST_HOST = "$(BUILT_PRODUCTS_DIR)/ios-swinject-storyboard-demo.app/ios-swinject-storyboard-demo";
			};
			name = Debug;
		};
		BC81BC4A1E7064DF0037F965 /* Release */ = {
			isa = XCBuildConfiguration;
			baseConfigurationReference = B89ADC8E59EB833288B8407E /* Pods-ios-swinject-storyboard-demoTests.release.xcconfig */;
			buildSettings = {
				ALWAYS_EMBED_SWIFT_STANDARD_LIBRARIES = YES;
				BUNDLE_LOADER = "$(TEST_HOST)";
				DEVELOPMENT_TEAM = UE5DCQPTRB;
				INFOPLIST_FILE = "ios-swinject-storyboard-demoTests/Info.plist";
				LD_RUNPATH_SEARCH_PATHS = "$(inherited) @executable_path/Frameworks @loader_path/Frameworks";
				PRODUCT_BUNDLE_IDENTIFIER = "jp.st-ventures.ios-swinject-storyboard-demoTests";
				PRODUCT_NAME = "$(TARGET_NAME)";
				SWIFT_VERSION = 3.0;
				TEST_HOST = "$(BUILT_PRODUCTS_DIR)/ios-swinject-storyboard-demo.app/ios-swinject-storyboard-demo";
			};
			name = Release;
		};
/* End XCBuildConfiguration section */

/* Begin XCConfigurationList section */
		BC81BC231E7064DF0037F965 /* Build configuration list for PBXProject "ios-swinject-storyboard-demo" */ = {
			isa = XCConfigurationList;
			buildConfigurations = (
				BC81BC431E7064DF0037F965 /* Debug */,
				BC81BC441E7064DF0037F965 /* Release */,
			);
			defaultConfigurationIsVisible = 0;
			defaultConfigurationName = Release;
		};
		BC81BC451E7064DF0037F965 /* Build configuration list for PBXNativeTarget "ios-swinject-storyboard-demo" */ = {
			isa = XCConfigurationList;
			buildConfigurations = (
				BC81BC461E7064DF0037F965 /* Debug */,
				BC81BC471E7064DF0037F965 /* Release */,
			);
			defaultConfigurationIsVisible = 0;
			defaultConfigurationName = Release;
		};
		BC81BC481E7064DF0037F965 /* Build configuration list for PBXNativeTarget "ios-swinject-storyboard-demoTests" */ = {
			isa = XCConfigurationList;
			buildConfigurations = (
				BC81BC491E7064DF0037F965 /* Debug */,
				BC81BC4A1E7064DF0037F965 /* Release */,
			);
			defaultConfigurationIsVisible = 0;
			defaultConfigurationName = Release;
		};
/* End XCConfigurationList section */
	};
	rootObject = BC81BC201E7064DF0037F965 /* Project object */;
}
